
Microsoft Visual Studio Solution File, Format Version 12.00
# Visual Studio Version 17
VisualStudioVersion = 17.14.36127.28 d17.14
MinimumVisualStudioVersion = 10.0.40219.1
Project("{FAE04EC0-301F-11D3-BF4B-00C04F79EFBC}") = "Git03HWPublic", "Git03HWPublic.csproj", "{70A35301-DFEC-4B59-A81F-8B889DB80BDE}"
EndProject
Global
	GlobalSection(SolutionConfigurationPlatforms) = preSolution
		Debug|Any CPU = Debug|Any CPU
		Release|Any CPU = Release|Any CPU
	EndGlobalSection
	GlobalSection(ProjectConfigurationPlatforms) = postSolution
		{70A35301-DFEC-4B59-A81F-8B889DB80BDE}.Debug|Any CPU.ActiveCfg = Debug|Any CPU
		{70A35301-DFEC-4B59-A81F-8B889DB80BDE}.Debug|Any CPU.Build.0 = Debug|Any CPU
		{70A35301-DFEC-4B59-A81F-8B889DB80BDE}.Release|Any CPU.ActiveCfg = Release|Any CPU
		{70A35301-DFEC-4B59-A81F-8B889DB80BDE}.Release|Any CPU.Build.0 = Release|Any CPU
	EndGlobalSection
	GlobalSection(SolutionProperties) = preSolution
		HideSolutionNode = FALSE
	EndGlobalSection
	GlobalSection(ExtensibilityGlobals) = postSolution
		SolutionGuid = {D399D7D3-7D91-4A63-B54C-D637CC2E2A59}
	EndGlobalSection
EndGlobal
